// !$*UTF8*$!
{
	archiveVersion = 1;
	classes = {
	};
	objectVersion = 51;
	objects = {

/* Begin PBXBuildFile section */
		1047220837C45B0764FBCFF4 /* Pods_RecipeSNS.framework in Frameworks */ = {isa = PBXBuildFile; fileRef = 54C7C8C516E139E2CAE007E5 /* Pods_RecipeSNS.framework */; };
		3B236975280969A4004C8B53 /* LoginView.swift in Sources */ = {isa = PBXBuildFile; fileRef = 3B236974280969A4004C8B53 /* LoginView.swift */; };
		3B5A00D6284A81940008E1CE /* SearchBarView.swift in Sources */ = {isa = PBXBuildFile; fileRef = 3B5A00D5284A81940008E1CE /* SearchBarView.swift */; };
		3B5A00DE284E7A770008E1CE /* AddRecipeView.swift in Sources */ = {isa = PBXBuildFile; fileRef = 3B5A00DD284E7A770008E1CE /* AddRecipeView.swift */; };
		3B5A00E1284FCBC00008E1CE /* AddMetaData.swift in Sources */ = {isa = PBXBuildFile; fileRef = 3B5A00E0284FCBC00008E1CE /* AddMetaData.swift */; };
		3B5A00E4284FCBFE0008E1CE /* AddListData.swift in Sources */ = {isa = PBXBuildFile; fileRef = 3B5A00E3284FCBFE0008E1CE /* AddListData.swift */; };
		3B5A00E7284FCFB30008E1CE /* AddIngredientData.swift in Sources */ = {isa = PBXBuildFile; fileRef = 3B5A00E6284FCFB30008E1CE /* AddIngredientData.swift */; };
		3B844FC3278CE01900CFCC86 /* RecipeSNSApp.swift in Sources */ = {isa = PBXBuildFile; fileRef = 3B844FC2278CE01900CFCC86 /* RecipeSNSApp.swift */; };
		3B844FC5278CE01900CFCC86 /* RecipeTabView.swift in Sources */ = {isa = PBXBuildFile; fileRef = 3B844FC4278CE01900CFCC86 /* RecipeTabView.swift */; };
		3B844FC7278CE02500CFCC86 /* Assets.xcassets in Resources */ = {isa = PBXBuildFile; fileRef = 3B844FC6278CE02500CFCC86 /* Assets.xcassets */; };
		3B844FCA278CE02500CFCC86 /* Preview Assets.xcassets in Resources */ = {isa = PBXBuildFile; fileRef = 3B844FC9278CE02500CFCC86 /* Preview Assets.xcassets */; };
		3B844FD5278CE77A00CFCC86 /* RecipeHomeView.swift in Sources */ = {isa = PBXBuildFile; fileRef = 3B844FD4278CE77A00CFCC86 /* RecipeHomeView.swift */; };
		3B844FD9278CE79000CFCC86 /* RecipeSearchView.swift in Sources */ = {isa = PBXBuildFile; fileRef = 3B844FD8278CE79000CFCC86 /* RecipeSearchView.swift */; };
		3B844FDC278CE7A400CFCC86 /* RecipeSavedView.swift in Sources */ = {isa = PBXBuildFile; fileRef = 3B844FDB278CE7A400CFCC86 /* RecipeSavedView.swift */; };
		3B844FDF278CE7DC00CFCC86 /* RecipeProfileView.swift in Sources */ = {isa = PBXBuildFile; fileRef = 3B844FDE278CE7DC00CFCC86 /* RecipeProfileView.swift */; };
		3B844FE3278CE96C00CFCC86 /* Constants.swift in Sources */ = {isa = PBXBuildFile; fileRef = 3B844FE2278CE96C00CFCC86 /* Constants.swift */; };
		3B844FEA2795E4D400CFCC86 /* Recipe.swift in Sources */ = {isa = PBXBuildFile; fileRef = 3B844FE92795E4D400CFCC86 /* Recipe.swift */; };
		3B844FED2795E61600CFCC86 /* Ingredient.swift in Sources */ = {isa = PBXBuildFile; fileRef = 3B844FEC2795E61600CFCC86 /* Ingredient.swift */; };
		3B844FF02795E6A800CFCC86 /* RecipeModel.swift in Sources */ = {isa = PBXBuildFile; fileRef = 3B844FEF2795E6A800CFCC86 /* RecipeModel.swift */; };
		3BC10BDE27E9C83D00485765 /* LaunchView.swift in Sources */ = {isa = PBXBuildFile; fileRef = 3BC10BDD27E9C83D00485765 /* LaunchView.swift */; };
		3BC10BE127E9C92300485765 /* UserModel.swift in Sources */ = {isa = PBXBuildFile; fileRef = 3BC10BE027E9C92300485765 /* UserModel.swift */; };
		3BC919ED2850FB59003E8206 /* ImagePicker.swift in Sources */ = {isa = PBXBuildFile; fileRef = 3BC919EC2850FB59003E8206 /* ImagePicker.swift */; };
		3BC919F02853EA96003E8206 /* RecipeCardView.swift in Sources */ = {isa = PBXBuildFile; fileRef = 3BC919EF2853EA96003E8206 /* RecipeCardView.swift */; };
		3BD7F9FB27A8983C003274D5 /* GoogleService-Info.plist in Resources */ = {isa = PBXBuildFile; fileRef = 3BD7F9FA27A8983C003274D5 /* GoogleService-Info.plist */; };
/* End PBXBuildFile section */

/* Begin PBXFileReference section */
		3B236974280969A4004C8B53 /* LoginView.swift */ = {isa = PBXFileReference; lastKnownFileType = sourcecode.swift; path = LoginView.swift; sourceTree = "<group>"; };
		3B5A00D5284A81940008E1CE /* SearchBarView.swift */ = {isa = PBXFileReference; lastKnownFileType = sourcecode.swift; path = SearchBarView.swift; sourceTree = "<group>"; };
		3B5A00DD284E7A770008E1CE /* AddRecipeView.swift */ = {isa = PBXFileReference; lastKnownFileType = sourcecode.swift; path = AddRecipeView.swift; sourceTree = "<group>"; };
		3B5A00E0284FCBC00008E1CE /* AddMetaData.swift */ = {isa = PBXFileReference; lastKnownFileType = sourcecode.swift; path = AddMetaData.swift; sourceTree = "<group>"; };
		3B5A00E3284FCBFE0008E1CE /* AddListData.swift */ = {isa = PBXFileReference; lastKnownFileType = sourcecode.swift; path = AddListData.swift; sourceTree = "<group>"; };
		3B5A00E6284FCFB30008E1CE /* AddIngredientData.swift */ = {isa = PBXFileReference; lastKnownFileType = sourcecode.swift; path = AddIngredientData.swift; sourceTree = "<group>"; };
		3B844FBF278CE01900CFCC86 /* RecipeSNS.app */ = {isa = PBXFileReference; explicitFileType = wrapper.application; includeInIndex = 0; path = RecipeSNS.app; sourceTree = BUILT_PRODUCTS_DIR; };
		3B844FC2278CE01900CFCC86 /* RecipeSNSApp.swift */ = {isa = PBXFileReference; lastKnownFileType = sourcecode.swift; path = RecipeSNSApp.swift; sourceTree = "<group>"; };
		3B844FC4278CE01900CFCC86 /* RecipeTabView.swift */ = {isa = PBXFileReference; lastKnownFileType = sourcecode.swift; path = RecipeTabView.swift; sourceTree = "<group>"; };
		3B844FC6278CE02500CFCC86 /* Assets.xcassets */ = {isa = PBXFileReference; lastKnownFileType = folder.assetcatalog; path = Assets.xcassets; sourceTree = "<group>"; };
		3B844FC9278CE02500CFCC86 /* Preview Assets.xcassets */ = {isa = PBXFileReference; lastKnownFileType = folder.assetcatalog; path = "Preview Assets.xcassets"; sourceTree = "<group>"; };
		3B844FCB278CE02500CFCC86 /* Info.plist */ = {isa = PBXFileReference; lastKnownFileType = text.plist.xml; path = Info.plist; sourceTree = "<group>"; };
		3B844FD4278CE77A00CFCC86 /* RecipeHomeView.swift */ = {isa = PBXFileReference; lastKnownFileType = sourcecode.swift; path = RecipeHomeView.swift; sourceTree = "<group>"; };
		3B844FD8278CE79000CFCC86 /* RecipeSearchView.swift */ = {isa = PBXFileReference; lastKnownFileType = sourcecode.swift; path = RecipeSearchView.swift; sourceTree = "<group>"; };
		3B844FDB278CE7A400CFCC86 /* RecipeSavedView.swift */ = {isa = PBXFileReference; lastKnownFileType = sourcecode.swift; path = RecipeSavedView.swift; sourceTree = "<group>"; };
		3B844FDE278CE7DC00CFCC86 /* RecipeProfileView.swift */ = {isa = PBXFileReference; lastKnownFileType = sourcecode.swift; path = RecipeProfileView.swift; sourceTree = "<group>"; };
		3B844FE2278CE96C00CFCC86 /* Constants.swift */ = {isa = PBXFileReference; lastKnownFileType = sourcecode.swift; path = Constants.swift; sourceTree = "<group>"; };
		3B844FE92795E4D400CFCC86 /* Recipe.swift */ = {isa = PBXFileReference; lastKnownFileType = sourcecode.swift; path = Recipe.swift; sourceTree = "<group>"; };
		3B844FEC2795E61600CFCC86 /* Ingredient.swift */ = {isa = PBXFileReference; lastKnownFileType = sourcecode.swift; path = Ingredient.swift; sourceTree = "<group>"; };
		3B844FEF2795E6A800CFCC86 /* RecipeModel.swift */ = {isa = PBXFileReference; lastKnownFileType = sourcecode.swift; path = RecipeModel.swift; sourceTree = "<group>"; };
		3BC10BDD27E9C83D00485765 /* LaunchView.swift */ = {isa = PBXFileReference; lastKnownFileType = sourcecode.swift; path = LaunchView.swift; sourceTree = "<group>"; };
		3BC10BE027E9C92300485765 /* UserModel.swift */ = {isa = PBXFileReference; lastKnownFileType = sourcecode.swift; path = UserModel.swift; sourceTree = "<group>"; };
		3BC919EC2850FB59003E8206 /* ImagePicker.swift */ = {isa = PBXFileReference; lastKnownFileType = sourcecode.swift; path = ImagePicker.swift; sourceTree = "<group>"; };
		3BC919EF2853EA96003E8206 /* RecipeCardView.swift */ = {isa = PBXFileReference; lastKnownFileType = sourcecode.swift; path = RecipeCardView.swift; sourceTree = "<group>"; };
		3BD7F9FA27A8983C003274D5 /* GoogleService-Info.plist */ = {isa = PBXFileReference; fileEncoding = 4; lastKnownFileType = text.plist.xml; path = "GoogleService-Info.plist"; sourceTree = "<group>"; };
		54C7C8C516E139E2CAE007E5 /* Pods_RecipeSNS.framework */ = {isa = PBXFileReference; explicitFileType = wrapper.framework; includeInIndex = 0; path = Pods_RecipeSNS.framework; sourceTree = BUILT_PRODUCTS_DIR; };
		975E6EB41E191E5DB14FD2FB /* Pods-RecipeSNS.release.xcconfig */ = {isa = PBXFileReference; includeInIndex = 1; lastKnownFileType = text.xcconfig; name = "Pods-RecipeSNS.release.xcconfig"; path = "Target Support Files/Pods-RecipeSNS/Pods-RecipeSNS.release.xcconfig"; sourceTree = "<group>"; };
		A84C5528787276F49C3AA8D2 /* Pods-RecipeSNS.debug.xcconfig */ = {isa = PBXFileReference; includeInIndex = 1; lastKnownFileType = text.xcconfig; name = "Pods-RecipeSNS.debug.xcconfig"; path = "Target Support Files/Pods-RecipeSNS/Pods-RecipeSNS.debug.xcconfig"; sourceTree = "<group>"; };
/* End PBXFileReference section */

/* Begin PBXFrameworksBuildPhase section */
		3B844FBC278CE01800CFCC86 /* Frameworks */ = {
			isa = PBXFrameworksBuildPhase;
			buildActionMask = 2147483647;
			files = (
				1047220837C45B0764FBCFF4 /* Pods_RecipeSNS.framework in Frameworks */,
			);
			runOnlyForDeploymentPostprocessing = 0;
		};
/* End PBXFrameworksBuildPhase section */

/* Begin PBXGroup section */
		3920766EAE50B55C15E0CC10 /* Pods */ = {
			isa = PBXGroup;
			children = (
				A84C5528787276F49C3AA8D2 /* Pods-RecipeSNS.debug.xcconfig */,
				975E6EB41E191E5DB14FD2FB /* Pods-RecipeSNS.release.xcconfig */,
			);
			path = Pods;
			sourceTree = "<group>";
		};
		3B5A00D3284A80D90008E1CE /* Add Recipe */ = {
			isa = PBXGroup;
			children = (
				3B5A00DD284E7A770008E1CE /* AddRecipeView.swift */,
				3B5A00E0284FCBC00008E1CE /* AddMetaData.swift */,
				3B5A00E3284FCBFE0008E1CE /* AddListData.swift */,
				3B5A00E6284FCFB30008E1CE /* AddIngredientData.swift */,
				3BC919EC2850FB59003E8206 /* ImagePicker.swift */,
			);
			path = "Add Recipe";
			sourceTree = "<group>";
		};
		3B5A00D8284A819D0008E1CE /* Search Recipe */ = {
			isa = PBXGroup;
			children = (
				3B844FD8278CE79000CFCC86 /* RecipeSearchView.swift */,
				3B5A00D5284A81940008E1CE /* SearchBarView.swift */,
			);
			path = "Search Recipe";
			sourceTree = "<group>";
		};
		3B844FB6278CE01800CFCC86 = {
			isa = PBXGroup;
			children = (
				3B844FC1278CE01900CFCC86 /* RecipeSNS */,
				3B844FC0278CE01900CFCC86 /* Products */,
				3920766EAE50B55C15E0CC10 /* Pods */,
				AA5C8A97CDEB11E062C892E8 /* Frameworks */,
			);
			sourceTree = "<group>";
		};
		3B844FC0278CE01900CFCC86 /* Products */ = {
			isa = PBXGroup;
			children = (
				3B844FBF278CE01900CFCC86 /* RecipeSNS.app */,
			);
			name = Products;
			sourceTree = "<group>";
		};
		3B844FC1278CE01900CFCC86 /* RecipeSNS */ = {
			isa = PBXGroup;
			children = (
				3B844FC2278CE01900CFCC86 /* RecipeSNSApp.swift */,
				3B844FE1278CE8F900CFCC86 /* Utilities */,
				3B844FD2278CE0CC00CFCC86 /* Views */,
				3B844FE82795E36400CFCC86 /* ViewModels */,
				3B844FE72795E34E00CFCC86 /* Models */,
				3B844FC6278CE02500CFCC86 /* Assets.xcassets */,
				3B844FCB278CE02500CFCC86 /* Info.plist */,
				3BD7F9FA27A8983C003274D5 /* GoogleService-Info.plist */,
				3B844FC8278CE02500CFCC86 /* Preview Content */,
			);
			path = RecipeSNS;
			sourceTree = "<group>";
		};
		3B844FC8278CE02500CFCC86 /* Preview Content */ = {
			isa = PBXGroup;
			children = (
				3B844FC9278CE02500CFCC86 /* Preview Assets.xcassets */,
			);
			path = "Preview Content";
			sourceTree = "<group>";
		};
		3B844FD2278CE0CC00CFCC86 /* Views */ = {
			isa = PBXGroup;
			children = (
				3BC10BD827E9C80800485765 /* LaunchView */,
				3B844FD4278CE77A00CFCC86 /* RecipeHomeView.swift */,
				3B5A00D3284A80D90008E1CE /* Add Recipe */,
				3B5A00D8284A819D0008E1CE /* Search Recipe */,
				3B844FDB278CE7A400CFCC86 /* RecipeSavedView.swift */,
				3B844FDE278CE7DC00CFCC86 /* RecipeProfileView.swift */,
				3BC919EF2853EA96003E8206 /* RecipeCardView.swift */,
			);
			path = Views;
			sourceTree = "<group>";
		};
		3B844FE1278CE8F900CFCC86 /* Utilities */ = {
			isa = PBXGroup;
			children = (
				3B844FE2278CE96C00CFCC86 /* Constants.swift */,
			);
			path = Utilities;
			sourceTree = "<group>";
		};
		3B844FE72795E34E00CFCC86 /* Models */ = {
			isa = PBXGroup;
			children = (
				3B844FE92795E4D400CFCC86 /* Recipe.swift */,
				3B844FEC2795E61600CFCC86 /* Ingredient.swift */,
			);
			path = Models;
			sourceTree = "<group>";
		};
		3B844FE82795E36400CFCC86 /* ViewModels */ = {
			isa = PBXGroup;
			children = (
				3B844FEF2795E6A800CFCC86 /* RecipeModel.swift */,
				3BC10BE027E9C92300485765 /* UserModel.swift */,
			);
			path = ViewModels;
			sourceTree = "<group>";
		};
		3BC10BD827E9C80800485765 /* LaunchView */ = {
			isa = PBXGroup;
			children = (
				3BC10BDD27E9C83D00485765 /* LaunchView.swift */,
				3B236974280969A4004C8B53 /* LoginView.swift */,
				3B844FC4278CE01900CFCC86 /* RecipeTabView.swift */,
			);
			path = LaunchView;
			sourceTree = "<group>";
		};
		AA5C8A97CDEB11E062C892E8 /* Frameworks */ = {
			isa = PBXGroup;
			children = (
				54C7C8C516E139E2CAE007E5 /* Pods_RecipeSNS.framework */,
			);
			name = Frameworks;
			sourceTree = "<group>";
		};
/* End PBXGroup section */

/* Begin PBXNativeTarget section */
		3B844FBE278CE01800CFCC86 /* RecipeSNS */ = {
			isa = PBXNativeTarget;
			buildConfigurationList = 3B844FCE278CE02500CFCC86 /* Build configuration list for PBXNativeTarget "RecipeSNS" */;
			buildPhases = (
				C1BE43FFD4159CEBB5DC8AF9 /* [CP] Check Pods Manifest.lock */,
				3B844FBB278CE01800CFCC86 /* Sources */,
				3B844FBC278CE01800CFCC86 /* Frameworks */,
				3B844FBD278CE01800CFCC86 /* Resources */,
				23800D1B0B352C0D04DE5653 /* [CP] Embed Pods Frameworks */,
			);
			buildRules = (
			);
			dependencies = (
			);
			name = RecipeSNS;
			productName = RecipeSNS;
			productReference = 3B844FBF278CE01900CFCC86 /* RecipeSNS.app */;
			productType = "com.apple.product-type.application";
		};
/* End PBXNativeTarget section */

/* Begin PBXProject section */
		3B844FB7278CE01800CFCC86 /* Project object */ = {
			isa = PBXProject;
			attributes = {
				LastSwiftUpdateCheck = 1240;
				LastUpgradeCheck = 1240;
				TargetAttributes = {
					3B844FBE278CE01800CFCC86 = {
						CreatedOnToolsVersion = 12.4;
					};
				};
			};
			buildConfigurationList = 3B844FBA278CE01800CFCC86 /* Build configuration list for PBXProject "RecipeSNS" */;
			compatibilityVersion = "Xcode 9.3";
			developmentRegion = en;
			hasScannedForEncodings = 0;
			knownRegions = (
				en,
				Base,
			);
			mainGroup = 3B844FB6278CE01800CFCC86;
			productRefGroup = 3B844FC0278CE01900CFCC86 /* Products */;
			projectDirPath = "";
			projectRoot = "";
			targets = (
				3B844FBE278CE01800CFCC86 /* RecipeSNS */,
			);
		};
/* End PBXProject section */

/* Begin PBXResourcesBuildPhase section */
		3B844FBD278CE01800CFCC86 /* Resources */ = {
			isa = PBXResourcesBuildPhase;
			buildActionMask = 2147483647;
			files = (
				3B844FCA278CE02500CFCC86 /* Preview Assets.xcassets in Resources */,
				3B844FC7278CE02500CFCC86 /* Assets.xcassets in Resources */,
				3BD7F9FB27A8983C003274D5 /* GoogleService-Info.plist in Resources */,
			);
			runOnlyForDeploymentPostprocessing = 0;
		};
/* End PBXResourcesBuildPhase section */

/* Begin PBXShellScriptBuildPhase section */
		23800D1B0B352C0D04DE5653 /* [CP] Embed Pods Frameworks */ = {
			isa = PBXShellScriptBuildPhase;
			buildActionMask = 2147483647;
			files = (
			);
			inputFileListPaths = (
				"${PODS_ROOT}/Target Support Files/Pods-RecipeSNS/Pods-RecipeSNS-frameworks-${CONFIGURATION}-input-files.xcfilelist",
			);
			name = "[CP] Embed Pods Frameworks";
			outputFileListPaths = (
				"${PODS_ROOT}/Target Support Files/Pods-RecipeSNS/Pods-RecipeSNS-frameworks-${CONFIGURATION}-output-files.xcfilelist",
			);
			runOnlyForDeploymentPostprocessing = 0;
			shellPath = /bin/sh;
			shellScript = "\"${PODS_ROOT}/Target Support Files/Pods-RecipeSNS/Pods-RecipeSNS-frameworks.sh\"\n";
			showEnvVarsInLog = 0;
		};
		C1BE43FFD4159CEBB5DC8AF9 /* [CP] Check Pods Manifest.lock */ = {
			isa = PBXShellScriptBuildPhase;
			buildActionMask = 2147483647;
			files = (
			);
			inputFileListPaths = (
			);
			inputPaths = (
				"${PODS_PODFILE_DIR_PATH}/Podfile.lock",
				"${PODS_ROOT}/Manifest.lock",
			);
			name = "[CP] Check Pods Manifest.lock";
			outputFileListPaths = (
			);
			outputPaths = (
				"$(DERIVED_FILE_DIR)/Pods-RecipeSNS-checkManifestLockResult.txt",
			);
			runOnlyForDeploymentPostprocessing = 0;
			shellPath = /bin/sh;
			shellScript = "diff \"${PODS_PODFILE_DIR_PATH}/Podfile.lock\" \"${PODS_ROOT}/Manifest.lock\" > /dev/null\nif [ $? != 0 ] ; then\n    # print error to STDERR\n    echo \"error: The sandbox is not in sync with the Podfile.lock. Run 'pod install' or update your CocoaPods installation.\" >&2\n    exit 1\nfi\n# This output is used by Xcode 'outputs' to avoid re-running this script phase.\necho \"SUCCESS\" > \"${SCRIPT_OUTPUT_FILE_0}\"\n";
			showEnvVarsInLog = 0;
		};
/* End PBXShellScriptBuildPhase section */

/* Begin PBXSourcesBuildPhase section */
		3B844FBB278CE01800CFCC86 /* Sources */ = {
			isa = PBXSourcesBuildPhase;
			buildActionMask = 2147483647;
			files = (
				3B844FDF278CE7DC00CFCC86 /* RecipeProfileView.swift in Sources */,
				3BC10BDE27E9C83D00485765 /* LaunchView.swift in Sources */,
				3B236975280969A4004C8B53 /* LoginView.swift in Sources */,
				3B844FD5278CE77A00CFCC86 /* RecipeHomeView.swift in Sources */,
				3B844FED2795E61600CFCC86 /* Ingredient.swift in Sources */,
				3B844FC5278CE01900CFCC86 /* RecipeTabView.swift in Sources */,
				3B5A00E1284FCBC00008E1CE /* AddMetaData.swift in Sources */,
				3BC919ED2850FB59003E8206 /* ImagePicker.swift in Sources */,
				3B844FD9278CE79000CFCC86 /* RecipeSearchView.swift in Sources */,
				3B844FE3278CE96C00CFCC86 /* Constants.swift in Sources */,
				3B844FC3278CE01900CFCC86 /* RecipeSNSApp.swift in Sources */,
				3B844FF02795E6A800CFCC86 /* RecipeModel.swift in Sources */,
				3B5A00D6284A81940008E1CE /* SearchBarView.swift in Sources */,
				3B844FDC278CE7A400CFCC86 /* RecipeSavedView.swift in Sources */,
				3BC10BE127E9C92300485765 /* UserModel.swift in Sources */,
				3B5A00E7284FCFB30008E1CE /* AddIngredientData.swift in Sources */,
				3BC919F02853EA96003E8206 /* RecipeCardView.swift in Sources */,
				3B5A00E4284FCBFE0008E1CE /* AddListData.swift in Sources */,
				3B844FEA2795E4D400CFCC86 /* Recipe.swift in Sources */,
				3B5A00DE284E7A770008E1CE /* AddRecipeView.swift in Sources */,
			);
			runOnlyForDeploymentPostprocessing = 0;
		};
/* End PBXSourcesBuildPhase section */

/* Begin XCBuildConfiguration section */
		3B844FCC278CE02500CFCC86 /* Debug */ = {
			isa = XCBuildConfiguration;
			buildSettings = {
				ALWAYS_SEARCH_USER_PATHS = NO;
				CLANG_ANALYZER_NONNULL = YES;
				CLANG_ANALYZER_NUMBER_OBJECT_CONVERSION = YES_AGGRESSIVE;
				CLANG_CXX_LANGUAGE_STANDARD = "gnu++14";
				CLANG_CXX_LIBRARY = "libc++";
				CLANG_ENABLE_MODULES = YES;
				CLANG_ENABLE_OBJC_ARC = YES;
				CLANG_ENABLE_OBJC_WEAK = YES;
				CLANG_WARN_BLOCK_CAPTURE_AUTORELEASING = YES;
				CLANG_WARN_BOOL_CONVERSION = YES;
				CLANG_WARN_COMMA = YES;
				CLANG_WARN_CONSTANT_CONVERSION = YES;
				CLANG_WARN_DEPRECATED_OBJC_IMPLEMENTATIONS = YES;
				CLANG_WARN_DIRECT_OBJC_ISA_USAGE = YES_ERROR;
				CLANG_WARN_DOCUMENTATION_COMMENTS = YES;
				CLANG_WARN_EMPTY_BODY = YES;
				CLANG_WARN_ENUM_CONVERSION = YES;
				CLANG_WARN_INFINITE_RECURSION = YES;
				CLANG_WARN_INT_CONVERSION = YES;
				CLANG_WARN_NON_LITERAL_NULL_CONVERSION = YES;
				CLANG_WARN_OBJC_IMPLICIT_RETAIN_SELF = YES;
				CLANG_WARN_OBJC_LITERAL_CONVERSION = YES;
				CLANG_WARN_OBJC_ROOT_CLASS = YES_ERROR;
				CLANG_WARN_QUOTED_INCLUDE_IN_FRAMEWORK_HEADER = YES;
				CLANG_WARN_RANGE_LOOP_ANALYSIS = YES;
				CLANG_WARN_STRICT_PROTOTYPES = YES;
				CLANG_WARN_SUSPICIOUS_MOVE = YES;
				CLANG_WARN_UNGUARDED_AVAILABILITY = YES_AGGRESSIVE;
				CLANG_WARN_UNREACHABLE_CODE = YES;
				CLANG_WARN__DUPLICATE_METHOD_MATCH = YES;
				COPY_PHASE_STRIP = NO;
				DEBUG_INFORMATION_FORMAT = dwarf;
				ENABLE_STRICT_OBJC_MSGSEND = YES;
				ENABLE_TESTABILITY = YES;
				GCC_C_LANGUAGE_STANDARD = gnu11;
				GCC_DYNAMIC_NO_PIC = NO;
				GCC_NO_COMMON_BLOCKS = YES;
				GCC_OPTIMIZATION_LEVEL = 0;
				GCC_PREPROCESSOR_DEFINITIONS = (
					"DEBUG=1",
					"$(inherited)",
				);
				GCC_WARN_64_TO_32_BIT_CONVERSION = YES;
				GCC_WARN_ABOUT_RETURN_TYPE = YES_ERROR;
				GCC_WARN_UNDECLARED_SELECTOR = YES;
				GCC_WARN_UNINITIALIZED_AUTOS = YES_AGGRESSIVE;
				GCC_WARN_UNUSED_FUNCTION = YES;
				GCC_WARN_UNUSED_VARIABLE = YES;
				IPHONEOS_DEPLOYMENT_TARGET = 14.4;
				MTL_ENABLE_DEBUG_INFO = INCLUDE_SOURCE;
				MTL_FAST_MATH = YES;
				ONLY_ACTIVE_ARCH = YES;
				SDKROOT = iphoneos;
				SWIFT_ACTIVE_COMPILATION_CONDITIONS = DEBUG;
				SWIFT_OPTIMIZATION_LEVEL = "-Onone";
			};
			name = Debug;
		};
		3B844FCD278CE02500CFCC86 /* Release */ = {
			isa = XCBuildConfiguration;
			buildSettings = {
				ALWAYS_SEARCH_USER_PATHS = NO;
				CLANG_ANALYZER_NONNULL = YES;
				CLANG_ANALYZER_NUMBER_OBJECT_CONVERSION = YES_AGGRESSIVE;
				CLANG_CXX_LANGUAGE_STANDARD = "gnu++14";
				CLANG_CXX_LIBRARY = "libc++";
				CLANG_ENABLE_MODULES = YES;
				CLANG_ENABLE_OBJC_ARC = YES;
				CLANG_ENABLE_OBJC_WEAK = YES;
				CLANG_WARN_BLOCK_CAPTURE_AUTORELEASING = YES;
				CLANG_WARN_BOOL_CONVERSION = YES;
				CLANG_WARN_COMMA = YES;
				CLANG_WARN_CONSTANT_CONVERSION = YES;
				CLANG_WARN_DEPRECATED_OBJC_IMPLEMENTATIONS = YES;
				CLANG_WARN_DIRECT_OBJC_ISA_USAGE = YES_ERROR;
				CLANG_WARN_DOCUMENTATION_COMMENTS = YES;
				CLANG_WARN_EMPTY_BODY = YES;
				CLANG_WARN_ENUM_CONVERSION = YES;
				CLANG_WARN_INFINITE_RECURSION = YES;
				CLANG_WARN_INT_CONVERSION = YES;
				CLANG_WARN_NON_LITERAL_NULL_CONVERSION = YES;
				CLANG_WARN_OBJC_IMPLICIT_RETAIN_SELF = YES;
				CLANG_WARN_OBJC_LITERAL_CONVERSION = YES;
				CLANG_WARN_OBJC_ROOT_CLASS = YES_ERROR;
				CLANG_WARN_QUOTED_INCLUDE_IN_FRAMEWORK_HEADER = YES;
				CLANG_WARN_RANGE_LOOP_ANALYSIS = YES;
				CLANG_WARN_STRICT_PROTOTYPES = YES;
				CLANG_WARN_SUSPICIOUS_MOVE = YES;
				CLANG_WARN_UNGUARDED_AVAILABILITY = YES_AGGRESSIVE;
				CLANG_WARN_UNREACHABLE_CODE = YES;
				CLANG_WARN__DUPLICATE_METHOD_MATCH = YES;
				COPY_PHASE_STRIP = NO;
				DEBUG_INFORMATION_FORMAT = "dwarf-with-dsym";
				ENABLE_NS_ASSERTIONS = NO;
				ENABLE_STRICT_OBJC_MSGSEND = YES;
				GCC_C_LANGUAGE_STANDARD = gnu11;
				GCC_NO_COMMON_BLOCKS = YES;
				GCC_WARN_64_TO_32_BIT_CONVERSION = YES;
				GCC_WARN_ABOUT_RETURN_TYPE = YES_ERROR;
				GCC_WARN_UNDECLARED_SELECTOR = YES;
				GCC_WARN_UNINITIALIZED_AUTOS = YES_AGGRESSIVE;
				GCC_WARN_UNUSED_FUNCTION = YES;
				GCC_WARN_UNUSED_VARIABLE = YES;
				IPHONEOS_DEPLOYMENT_TARGET = 14.4;
				MTL_ENABLE_DEBUG_INFO = NO;
				MTL_FAST_MATH = YES;
				SDKROOT = iphoneos;
				SWIFT_COMPILATION_MODE = wholemodule;
				SWIFT_OPTIMIZATION_LEVEL = "-O";
				VALIDATE_PRODUCT = YES;
			};
			name = Release;
		};
		3B844FCF278CE02500CFCC86 /* Debug */ = {
			isa = XCBuildConfiguration;
			baseConfigurationReference = A84C5528787276F49C3AA8D2 /* Pods-RecipeSNS.debug.xcconfig */;
			buildSettings = {
				ASSETCATALOG_COMPILER_APPICON_NAME = AppIcon;
				ASSETCATALOG_COMPILER_GLOBAL_ACCENT_COLOR_NAME = AccentColor;
				CODE_SIGN_STYLE = Automatic;
				DEVELOPMENT_ASSET_PATHS = "\"RecipeSNS/Preview Content\"";
				DEVELOPMENT_TEAM = 2EE5SGL7U2;
				ENABLE_PREVIEWS = YES;
				INFOPLIST_FILE = RecipeSNS/Info.plist;
				IPHONEOS_DEPLOYMENT_TARGET = 14.0;
				LD_RUNPATH_SEARCH_PATHS = (
					"$(inherited)",
					"@executable_path/Frameworks",
				);
				PRODUCT_BUNDLE_IDENTIFIER = SB.RecipeSNS;
				PRODUCT_NAME = "$(TARGET_NAME)";
				SWIFT_VERSION = 5.0;
				TARGETED_DEVICE_FAMILY = "1,2";
			};
			name = Debug;
		};
		3B844FD0278CE02500CFCC86 /* Release */ = {
			isa = XCBuildConfiguration;
			baseConfigurationReference = 975E6EB41E191E5DB14FD2FB /* Pods-RecipeSNS.release.xcconfig */;
			buildSettings = {
				ASSETCATALOG_COMPILER_APPICON_NAME = AppIcon;
				ASSETCATALOG_COMPILER_GLOBAL_ACCENT_COLOR_NAME = AccentColor;
				CODE_SIGN_STYLE = Automatic;
				DEVELOPMENT_ASSET_PATHS = "\"RecipeSNS/Preview Content\"";
				DEVELOPMENT_TEAM = 2EE5SGL7U2;
				ENABLE_PREVIEWS = YES;
				INFOPLIST_FILE = RecipeSNS/Info.plist;
				IPHONEOS_DEPLOYMENT_TARGET = 14.0;
				LD_RUNPATH_SEARCH_PATHS = (
					"$(inherited)",
					"@executable_path/Frameworks",
				);
				PRODUCT_BUNDLE_IDENTIFIER = SB.RecipeSNS;
				PRODUCT_NAME = "$(TARGET_NAME)";
				SWIFT_VERSION = 5.0;
				TARGETED_DEVICE_FAMILY = "1,2";
			};
			name = Release;
		};
/* End XCBuildConfiguration section */

/* Begin XCConfigurationList section */
		3B844FBA278CE01800CFCC86 /* Build configuration list for PBXProject "RecipeSNS" */ = {
			isa = XCConfigurationList;
			buildConfigurations = (
				3B844FCC278CE02500CFCC86 /* Debug */,
				3B844FCD278CE02500CFCC86 /* Release */,
			);
			defaultConfigurationIsVisible = 0;
			defaultConfigurationName = Release;
		};
		3B844FCE278CE02500CFCC86 /* Build configuration list for PBXNativeTarget "RecipeSNS" */ = {
			isa = XCConfigurationList;
			buildConfigurations = (
				3B844FCF278CE02500CFCC86 /* Debug */,
				3B844FD0278CE02500CFCC86 /* Release */,
			);
			defaultConfigurationIsVisible = 0;
			defaultConfigurationName = Release;
		};
/* End XCConfigurationList section */
	};
	rootObject = 3B844FB7278CE01800CFCC86 /* Project object */;
}
